
Microsoft Visual Studio Solution File, Format Version 12.00
# Visual Studio Version 17
VisualStudioVersion = 17.9.34728.123
MinimumVisualStudioVersion = 10.0.40219.1
Project("{9A19103F-16F7-4668-BE54-9A1E7A4F7556}") = "Restaurant API", "Restaurant API.csproj", "{0D01B0ED-AB61-4F32-BE51-033F78FACCD9}"
EndProject
Project("{9A19103F-16F7-4668-BE54-9A1E7A4F7556}") = "Domain", "..\Domain\Domain.csproj", "{4808B864-FEB4-4FC6-8E9D-E0AAF119B20F}"
EndProject
Project("{9A19103F-16F7-4668-BE54-9A1E7A4F7556}") = "Application", "..\Aplication\Application.csproj", "{8FAF7E43-2F58-4A76-AE60-23133886943F}"
EndProject
Project("{9A19103F-16F7-4668-BE54-9A1E7A4F7556}") = "Infraestructure", "..\Infraestructure\Infraestructure.csproj", "{5F503C44-5BC1-4182-B1BE-CDA3D6403318}"
EndProject
Global
	GlobalSection(SolutionConfigurationPlatforms) = preSolution
		Debug|Any CPU = Debug|Any CPU
		Release|Any CPU = Release|Any CPU
	EndGlobalSection
	GlobalSection(ProjectConfigurationPlatforms) = postSolution
		{0D01B0ED-AB61-4F32-BE51-033F78FACCD9}.Debug|Any CPU.ActiveCfg = Debug|Any CPU
		{0D01B0ED-AB61-4F32-BE51-033F78FACCD9}.Debug|Any CPU.Build.0 = Debug|Any CPU
		{0D01B0ED-AB61-4F32-BE51-033F78FACCD9}.Release|Any CPU.ActiveCfg = Release|Any CPU
		{0D01B0ED-AB61-4F32-BE51-033F78FACCD9}.Release|Any CPU.Build.0 = Release|Any CPU
		{4808B864-FEB4-4FC6-8E9D-E0AAF119B20F}.Debug|Any CPU.ActiveCfg = Debug|Any CPU
		{4808B864-FEB4-4FC6-8E9D-E0AAF119B20F}.Debug|Any CPU.Build.0 = Debug|Any CPU
		{4808B864-FEB4-4FC6-8E9D-E0AAF119B20F}.Release|Any CPU.ActiveCfg = Release|Any CPU
		{4808B864-FEB4-4FC6-8E9D-E0AAF119B20F}.Release|Any CPU.Build.0 = Release|Any CPU
		{8FAF7E43-2F58-4A76-AE60-23133886943F}.Debug|Any CPU.ActiveCfg = Debug|Any CPU
		{8FAF7E43-2F58-4A76-AE60-23133886943F}.Debug|Any CPU.Build.0 = Debug|Any CPU
		{8FAF7E43-2F58-4A76-AE60-23133886943F}.Release|Any CPU.ActiveCfg = Release|Any CPU
		{8FAF7E43-2F58-4A76-AE60-23133886943F}.Release|Any CPU.Build.0 = Release|Any CPU
		{5F503C44-5BC1-4182-B1BE-CDA3D6403318}.Debug|Any CPU.ActiveCfg = Debug|Any CPU
		{5F503C44-5BC1-4182-B1BE-CDA3D6403318}.Debug|Any CPU.Build.0 = Debug|Any CPU
		{5F503C44-5BC1-4182-B1BE-CDA3D6403318}.Release|Any CPU.ActiveCfg = Release|Any CPU
		{5F503C44-5BC1-4182-B1BE-CDA3D6403318}.Release|Any CPU.Build.0 = Release|Any CPU
	EndGlobalSection
	GlobalSection(SolutionProperties) = preSolution
		HideSolutionNode = FALSE
	EndGlobalSection
	GlobalSection(ExtensibilityGlobals) = postSolution
		SolutionGuid = {9D165963-8195-4612-ADA3-C2B6E606640B}
	EndGlobalSection
EndGlobal
